{
  "name": "ReliefValve",
  "version": "v1.2.2-beta",
  "lockfileVersion": 1,
  "requires": true,
  "dependencies": {
    "badger.js": {
      "version": "2.0.3",
      "resolved": "https://registry.npmjs.org/badger.js/-/badger.js-2.0.3.tgz",
      "integrity": "sha1-C1ehFcnK3El+atEmqong4aMxUF0=",
      "requires": {
        "font-awesome": "4.7.0",
        "w3-css": "2.9.9"
      },
      "dependencies": {
        "w3-css": {
          "version": "2.9.9",
          "resolved": "https://registry.npmjs.org/w3-css/-/w3-css-2.9.9.tgz",
          "integrity": "sha1-9D/4J7H0tEVTuUUv+vWMw6GYMBw="
        }
      }
    },
    "conf": {
      "version": "0.11.2",
      "resolved": "https://registry.npmjs.org/conf/-/conf-0.11.2.tgz",
      "integrity": "sha1-h59HkmdgBIPlAlg0YspAY/yXebI=",
      "requires": {
        "dot-prop": "3.0.0",
        "env-paths": "0.3.1",
        "mkdirp": "0.5.1",
        "pkg-up": "1.0.0"
      }
    },
    "dot-prop": {
      "version": "3.0.0",
      "resolved": "https://registry.npmjs.org/dot-prop/-/dot-prop-3.0.0.tgz",
      "integrity": "sha1-G3CK8JSknJoOfbyteQq6U52sEXc=",
      "requires": {
        "is-obj": "1.0.1"
      }
    },
    "electron-config": {
      "version": "0.2.1",
      "resolved": "https://registry.npmjs.org/electron-config/-/electron-config-0.2.1.tgz",
      "integrity": "sha1-fhLCZBLQa/PtOJbQR53xYphrlbo=",
      "requires": {
        "conf": "0.11.2"
      }
    },
    "electron-log": {
      "version": "1.3.0",
      "resolved": "https://registry.npmjs.org/electron-log/-/electron-log-1.3.0.tgz",
      "integrity": "sha1-0FVEEUuXGhbIZznHnQ0jYQOtChY="
    },
    "env-paths": {
      "version": "0.3.1",
      "resolved": "https://registry.npmjs.org/env-paths/-/env-paths-0.3.1.tgz",
      "integrity": "sha1-wwzPy8MMiQlD3AioVYJRfvANpGM="
    },
    "find-up": {
      "version": "1.1.2",
      "resolved": "https://registry.npmjs.org/find-up/-/find-up-1.1.2.tgz",
      "integrity": "sha1-ay6YIrGizgpgq2TWEOzK1TyyTQ8=",
      "requires": {
        "path-exists": "2.1.0",
        "pinkie-promise": "2.0.1"
      }
    },
    "font-awesome": {
      "version": "4.7.0",
      "resolved": "https://registry.npmjs.org/font-awesome/-/font-awesome-4.7.0.tgz",
      "integrity": "sha1-j6jPBBGhoxr9B7BtKQK7n8gVoTM="
    },
    "is-obj": {
      "version": "1.0.1",
      "resolved": "https://registry.npmjs.org/is-obj/-/is-obj-1.0.1.tgz",
      "integrity": "sha1-PkcprB9f3gJc19g6iW2rn09n2w8="
    },
    "jquery": {
      "version": "3.2.1",
      "resolved": "https://registry.npmjs.org/jquery/-/jquery-3.2.1.tgz",
      "integrity": "sha1-XE2d5lKvbNCncBVKYxu6ErAVx4c="
    },
    "minimist": {
      "version": "0.0.8",
      "resolved": "https://registry.npmjs.org/minimist/-/minimist-0.0.8.tgz",
      "integrity": "sha1-hX/Kv8M5fSYluCKCYuhqp6ARsF0="
    },
    "mkdirp": {
      "version": "0.5.1",
      "resolved": "https://registry.npmjs.org/mkdirp/-/mkdirp-0.5.1.tgz",
      "integrity": "sha1-MAV0OOrGz3+MR2fzhkjWaX11yQM=",
      "requires": {
        "minimist": "0.0.8"
      }
    },
    "path-exists": {
      "version": "2.1.0",
      "resolved": "https://registry.npmjs.org/path-exists/-/path-exists-2.1.0.tgz",
      "integrity": "sha1-D+tsZPD8UY2adU3V77YscCJ2H0s=",
      "requires": {
        "pinkie-promise": "2.0.1"
      }
    },
    "pinkie": {
      "version": "2.0.4",
      "resolved": "https://registry.npmjs.org/pinkie/-/pinkie-2.0.4.tgz",
      "integrity": "sha1-clVrgM+g1IqXToDnckjoDtT3+HA="
    },
    "pinkie-promise": {
      "version": "2.0.1",
      "resolved": "https://registry.npmjs.org/pinkie-promise/-/pinkie-promise-2.0.1.tgz",
      "integrity": "sha1-ITXW36ejWMBprJsXh3YogihFD/o=",
      "requires": {
        "pinkie": "2.0.4"
      }
    },
    "pkg-up": {
      "version": "1.0.0",
      "resolved": "https://registry.npmjs.org/pkg-up/-/pkg-up-1.0.0.tgz",
      "integrity": "sha1-Pgj7RhUlxEIWJKM7n35tCvWwWiY=",
      "requires": {
        "find-up": "1.1.2"
      }
    },
    "simple-vdf2": {
      "version": "1.1.1",
      "resolved": "https://registry.npmjs.org/simple-vdf2/-/simple-vdf2-1.1.1.tgz",
      "integrity": "sha1-llu2w3e2nOZ55Y9jG3OuhYlBLZQ="
    },
    "w3-css": {
      "version": "4.0.4",
      "resolved": "https://registry.npmjs.org/w3-css/-/w3-css-4.0.4.tgz",
      "integrity": "sha1-Lk7rNtwE3jh9vTvII27gWSyt/oY="
    },
    "winreg": {
      "version": "1.2.4",
      "resolved": "https://registry.npmjs.org/winreg/-/winreg-1.2.4.tgz",
      "integrity": "sha1-ugZWKbepJRMOFXeRCM9UCZDpjRs="
    }
  }
}
